// !$*UTF8*$!
{
	archiveVersion = 1;
	classes = {
	};
	objectVersion = 55;
	objects = {

/* Begin PBXBuildFile section */
		C426EBD8278A132300B35B28 /* DogAPI.swift in Sources */ = {isa = PBXBuildFile; fileRef = C426EBD7278A132300B35B28 /* DogAPI.swift */; };
		C426EBDA278AC45B00B35B28 /* DogImage.swift in Sources */ = {isa = PBXBuildFile; fileRef = C426EBD9278AC45B00B35B28 /* DogImage.swift */; };
		C485522B278CBC4700E20F49 /* allBreedsList.swift in Sources */ = {isa = PBXBuildFile; fileRef = C485522A278CBC4700E20F49 /* allBreedsList.swift */; };
		C4D05F27278A0F780017E2D3 /* AppDelegate.swift in Sources */ = {isa = PBXBuildFile; fileRef = C4D05F26278A0F780017E2D3 /* AppDelegate.swift */; };
		C4D05F29278A0F780017E2D3 /* SceneDelegate.swift in Sources */ = {isa = PBXBuildFile; fileRef = C4D05F28278A0F780017E2D3 /* SceneDelegate.swift */; };
		C4D05F2E278A0F780017E2D3 /* Main.storyboard in Resources */ = {isa = PBXBuildFile; fileRef = C4D05F2C278A0F780017E2D3 /* Main.storyboard */; };
		C4D05F30278A0F780017E2D3 /* Assets.xcassets in Resources */ = {isa = PBXBuildFile; fileRef = C4D05F2F278A0F780017E2D3 /* Assets.xcassets */; };
		C4D05F33278A0F780017E2D3 /* LaunchScreen.storyboard in Resources */ = {isa = PBXBuildFile; fileRef = C4D05F31278A0F780017E2D3 /* LaunchScreen.storyboard */; };
		C4D05F3E278A0F790017E2D3 /* mRandogTests.swift in Sources */ = {isa = PBXBuildFile; fileRef = C4D05F3D278A0F790017E2D3 /* mRandogTests.swift */; };
		C4D05F48278A0F790017E2D3 /* mRandogUITests.swift in Sources */ = {isa = PBXBuildFile; fileRef = C4D05F47278A0F790017E2D3 /* mRandogUITests.swift */; };
		C4D05F4A278A0F790017E2D3 /* mRandogUITestsLaunchTests.swift in Sources */ = {isa = PBXBuildFile; fileRef = C4D05F49278A0F790017E2D3 /* mRandogUITestsLaunchTests.swift */; };
		C4D05F59278A11D80017E2D3 /* ViewController.swift in Sources */ = {isa = PBXBuildFile; fileRef = C4D05F58278A11D80017E2D3 /* ViewController.swift */; };
/* End PBXBuildFile section */

/* Begin PBXContainerItemProxy section */
		C4D05F3A278A0F790017E2D3 /* PBXContainerItemProxy */ = {
			isa = PBXContainerItemProxy;
			containerPortal = C4D05F1B278A0F780017E2D3 /* Project object */;
			proxyType = 1;
			remoteGlobalIDString = C4D05F22278A0F780017E2D3;
			remoteInfo = mRandog;
		};
		C4D05F44278A0F790017E2D3 /* PBXContainerItemProxy */ = {
			isa = PBXContainerItemProxy;
			containerPortal = C4D05F1B278A0F780017E2D3 /* Project object */;
			proxyType = 1;
			remoteGlobalIDString = C4D05F22278A0F780017E2D3;
			remoteInfo = mRandog;
		};
/* End PBXContainerItemProxy section */

/* Begin PBXFileReference section */
		C426EBD7278A132300B35B28 /* DogAPI.swift */ = {isa = PBXFileReference; lastKnownFileType = sourcecode.swift; path = DogAPI.swift; sourceTree = "<group>"; };
		C426EBD9278AC45B00B35B28 /* DogImage.swift */ = {isa = PBXFileReference; lastKnownFileType = sourcecode.swift; path = DogImage.swift; sourceTree = "<group>"; };
		C485522A278CBC4700E20F49 /* allBreedsList.swift */ = {isa = PBXFileReference; lastKnownFileType = sourcecode.swift; path = allBreedsList.swift; sourceTree = "<group>"; };
		C4D05F23278A0F780017E2D3 /* mRandog.app */ = {isa = PBXFileReference; explicitFileType = wrapper.application; includeInIndex = 0; path = mRandog.app; sourceTree = BUILT_PRODUCTS_DIR; };
		C4D05F26278A0F780017E2D3 /* AppDelegate.swift */ = {isa = PBXFileReference; lastKnownFileType = sourcecode.swift; path = AppDelegate.swift; sourceTree = "<group>"; };
		C4D05F28278A0F780017E2D3 /* SceneDelegate.swift */ = {isa = PBXFileReference; lastKnownFileType = sourcecode.swift; path = SceneDelegate.swift; sourceTree = "<group>"; };
		C4D05F2D278A0F780017E2D3 /* Base */ = {isa = PBXFileReference; lastKnownFileType = file.storyboard; name = Base; path = Base.lproj/Main.storyboard; sourceTree = "<group>"; };
		C4D05F2F278A0F780017E2D3 /* Assets.xcassets */ = {isa = PBXFileReference; lastKnownFileType = folder.assetcatalog; path = Assets.xcassets; sourceTree = "<group>"; };
		C4D05F32278A0F780017E2D3 /* Base */ = {isa = PBXFileReference; lastKnownFileType = file.storyboard; name = Base; path = Base.lproj/LaunchScreen.storyboard; sourceTree = "<group>"; };
		C4D05F34278A0F780017E2D3 /* Info.plist */ = {isa = PBXFileReference; lastKnownFileType = text.plist.xml; path = Info.plist; sourceTree = "<group>"; };
		C4D05F39278A0F790017E2D3 /* mRandogTests.xctest */ = {isa = PBXFileReference; explicitFileType = wrapper.cfbundle; includeInIndex = 0; path = mRandogTests.xctest; sourceTree = BUILT_PRODUCTS_DIR; };
		C4D05F3D278A0F790017E2D3 /* mRandogTests.swift */ = {isa = PBXFileReference; lastKnownFileType = sourcecode.swift; path = mRandogTests.swift; sourceTree = "<group>"; };
		C4D05F43278A0F790017E2D3 /* mRandogUITests.xctest */ = {isa = PBXFileReference; explicitFileType = wrapper.cfbundle; includeInIndex = 0; path = mRandogUITests.xctest; sourceTree = BUILT_PRODUCTS_DIR; };
		C4D05F47278A0F790017E2D3 /* mRandogUITests.swift */ = {isa = PBXFileReference; lastKnownFileType = sourcecode.swift; path = mRandogUITests.swift; sourceTree = "<group>"; };
		C4D05F49278A0F790017E2D3 /* mRandogUITestsLaunchTests.swift */ = {isa = PBXFileReference; lastKnownFileType = sourcecode.swift; path = mRandogUITestsLaunchTests.swift; sourceTree = "<group>"; };
		C4D05F58278A11D80017E2D3 /* ViewController.swift */ = {isa = PBXFileReference; fileEncoding = 4; lastKnownFileType = sourcecode.swift; path = ViewController.swift; sourceTree = "<group>"; };
/* End PBXFileReference section */

/* Begin PBXFrameworksBuildPhase section */
		C4D05F20278A0F780017E2D3 /* Frameworks */ = {
			isa = PBXFrameworksBuildPhase;
			buildActionMask = 2147483647;
			files = (
			);
			runOnlyForDeploymentPostprocessing = 0;
		};
		C4D05F36278A0F790017E2D3 /* Frameworks */ = {
			isa = PBXFrameworksBuildPhase;
			buildActionMask = 2147483647;
			files = (
			);
			runOnlyForDeploymentPostprocessing = 0;
		};
		C4D05F40278A0F790017E2D3 /* Frameworks */ = {
			isa = PBXFrameworksBuildPhase;
			buildActionMask = 2147483647;
			files = (
			);
			runOnlyForDeploymentPostprocessing = 0;
		};
/* End PBXFrameworksBuildPhase section */

/* Begin PBXGroup section */
		C426EBD6278A130C00B35B28 /* Model */ = {
			isa = PBXGroup;
			children = (
				C426EBD7278A132300B35B28 /* DogAPI.swift */,
				C426EBD9278AC45B00B35B28 /* DogImage.swift */,
				C485522A278CBC4700E20F49 /* allBreedsList.swift */,
			);
			path = Model;
			sourceTree = "<group>";
		};
		C4D05F1A278A0F780017E2D3 = {
			isa = PBXGroup;
			children = (
				C4D05F25278A0F780017E2D3 /* mRandog */,
				C4D05F3C278A0F790017E2D3 /* mRandogTests */,
				C4D05F46278A0F790017E2D3 /* mRandogUITests */,
				C4D05F24278A0F780017E2D3 /* Products */,
			);
			sourceTree = "<group>";
		};
		C4D05F24278A0F780017E2D3 /* Products */ = {
			isa = PBXGroup;
			children = (
				C4D05F23278A0F780017E2D3 /* mRandog.app */,
				C4D05F39278A0F790017E2D3 /* mRandogTests.xctest */,
				C4D05F43278A0F790017E2D3 /* mRandogUITests.xctest */,
			);
			name = Products;
			sourceTree = "<group>";
		};
		C4D05F25278A0F780017E2D3 /* mRandog */ = {
			isa = PBXGroup;
			children = (
				C426EBD6278A130C00B35B28 /* Model */,
				C4D05F57278A0FEE0017E2D3 /* Controller */,
				C4D05F56278A0FB80017E2D3 /* View */,
				C4D05F34278A0F780017E2D3 /* Info.plist */,
			);
			path = mRandog;
			sourceTree = "<group>";
		};
		C4D05F3C278A0F790017E2D3 /* mRandogTests */ = {
			isa = PBXGroup;
			children = (
				C4D05F3D278A0F790017E2D3 /* mRandogTests.swift */,
			);
			path = mRandogTests;
			sourceTree = "<group>";
		};
		C4D05F46278A0F790017E2D3 /* mRandogUITests */ = {
			isa = PBXGroup;
			children = (
				C4D05F47278A0F790017E2D3 /* mRandogUITests.swift */,
				C4D05F49278A0F790017E2D3 /* mRandogUITestsLaunchTests.swift */,
			);
			path = mRandogUITests;
			sourceTree = "<group>";
		};
		C4D05F56278A0FB80017E2D3 /* View */ = {
			isa = PBXGroup;
			children = (
				C4D05F2C278A0F780017E2D3 /* Main.storyboard */,
				C4D05F2F278A0F780017E2D3 /* Assets.xcassets */,
				C4D05F31278A0F780017E2D3 /* LaunchScreen.storyboard */,
			);
			path = View;
			sourceTree = "<group>";
		};
		C4D05F57278A0FEE0017E2D3 /* Controller */ = {
			isa = PBXGroup;
			children = (
				C4D05F58278A11D80017E2D3 /* ViewController.swift */,
				C4D05F26278A0F780017E2D3 /* AppDelegate.swift */,
				C4D05F28278A0F780017E2D3 /* SceneDelegate.swift */,
			);
			path = Controller;
			sourceTree = "<group>";
		};
/* End PBXGroup section */

/* Begin PBXNativeTarget section */
		C4D05F22278A0F780017E2D3 /* mRandog */ = {
			isa = PBXNativeTarget;
			buildConfigurationList = C4D05F4D278A0F790017E2D3 /* Build configuration list for PBXNativeTarget "mRandog" */;
			buildPhases = (
				C4D05F1F278A0F780017E2D3 /* Sources */,
				C4D05F20278A0F780017E2D3 /* Frameworks */,
				C4D05F21278A0F780017E2D3 /* Resources */,
			);
			buildRules = (
			);
			dependencies = (
			);
			name = mRandog;
			productName = mRandog;
			productReference = C4D05F23278A0F780017E2D3 /* mRandog.app */;
			productType = "com.apple.product-type.application";
		};
		C4D05F38278A0F790017E2D3 /* mRandogTests */ = {
			isa = PBXNativeTarget;
			buildConfigurationList = C4D05F50278A0F790017E2D3 /* Build configuration list for PBXNativeTarget "mRandogTests" */;
			buildPhases = (
				C4D05F35278A0F790017E2D3 /* Sources */,
				C4D05F36278A0F790017E2D3 /* Frameworks */,
				C4D05F37278A0F790017E2D3 /* Resources */,
			);
			buildRules = (
			);
			dependencies = (
				C4D05F3B278A0F790017E2D3 /* PBXTargetDependency */,
			);
			name = mRandogTests;
			productName = mRandogTests;
			productReference = C4D05F39278A0F790017E2D3 /* mRandogTests.xctest */;
			productType = "com.apple.product-type.bundle.unit-test";
		};
		C4D05F42278A0F790017E2D3 /* mRandogUITests */ = {
			isa = PBXNativeTarget;
			buildConfigurationList = C4D05F53278A0F790017E2D3 /* Build configuration list for PBXNativeTarget "mRandogUITests" */;
			buildPhases = (
				C4D05F3F278A0F790017E2D3 /* Sources */,
				C4D05F40278A0F790017E2D3 /* Frameworks */,
				C4D05F41278A0F790017E2D3 /* Resources */,
			);
			buildRules = (
			);
			dependencies = (
				C4D05F45278A0F790017E2D3 /* PBXTargetDependency */,
			);
			name = mRandogUITests;
			productName = mRandogUITests;
			productReference = C4D05F43278A0F790017E2D3 /* mRandogUITests.xctest */;
			productType = "com.apple.product-type.bundle.ui-testing";
		};
/* End PBXNativeTarget section */

/* Begin PBXProject section */
		C4D05F1B278A0F780017E2D3 /* Project object */ = {
			isa = PBXProject;
			attributes = {
				BuildIndependentTargetsInParallel = 1;
				LastSwiftUpdateCheck = 1320;
				LastUpgradeCheck = 1320;
				TargetAttributes = {
					C4D05F22278A0F780017E2D3 = {
						CreatedOnToolsVersion = 13.2;
					};
					C4D05F38278A0F790017E2D3 = {
						CreatedOnToolsVersion = 13.2;
						TestTargetID = C4D05F22278A0F780017E2D3;
					};
					C4D05F42278A0F790017E2D3 = {
						CreatedOnToolsVersion = 13.2;
						TestTargetID = C4D05F22278A0F780017E2D3;
					};
				};
			};
			buildConfigurationList = C4D05F1E278A0F780017E2D3 /* Build configuration list for PBXProject "mRandog" */;
			compatibilityVersion = "Xcode 13.0";
			developmentRegion = en;
			hasScannedForEncodings = 0;
			knownRegions = (
				en,
				Base,
			);
			mainGroup = C4D05F1A278A0F780017E2D3;
			productRefGroup = C4D05F24278A0F780017E2D3 /* Products */;
			projectDirPath = "";
			projectRoot = "";
			targets = (
				C4D05F22278A0F780017E2D3 /* mRandog */,
				C4D05F38278A0F790017E2D3 /* mRandogTests */,
				C4D05F42278A0F790017E2D3 /* mRandogUITests */,
			);
		};
/* End PBXProject section */

/* Begin PBXResourcesBuildPhase section */
		C4D05F21278A0F780017E2D3 /* Resources */ = {
			isa = PBXResourcesBuildPhase;
			buildActionMask = 2147483647;
			files = (
				C4D05F33278A0F780017E2D3 /* LaunchScreen.storyboard in Resources */,
				C4D05F30278A0F780017E2D3 /* Assets.xcassets in Resources */,
				C4D05F2E278A0F780017E2D3 /* Main.storyboard in Resources */,
			);
			runOnlyForDeploymentPostprocessing = 0;
		};
		C4D05F37278A0F790017E2D3 /* Resources */ = {
			isa = PBXResourcesBuildPhase;
			buildActionMask = 2147483647;
			files = (
			);
			runOnlyForDeploymentPostprocessing = 0;
		};
		C4D05F41278A0F790017E2D3 /* Resources */ = {
			isa = PBXResourcesBuildPhase;
			buildActionMask = 2147483647;
			files = (
			);
			runOnlyForDeploymentPostprocessing = 0;
		};
/* End PBXResourcesBuildPhase section */

/* Begin PBXSourcesBuildPhase section */
		C4D05F1F278A0F780017E2D3 /* Sources */ = {
			isa = PBXSourcesBuildPhase;
			buildActionMask = 2147483647;
			files = (
				C485522B278CBC4700E20F49 /* allBreedsList.swift in Sources */,
				C4D05F59278A11D80017E2D3 /* ViewController.swift in Sources */,
				C426EBDA278AC45B00B35B28 /* DogImage.swift in Sources */,
				C4D05F27278A0F780017E2D3 /* AppDelegate.swift in Sources */,
				C4D05F29278A0F780017E2D3 /* SceneDelegate.swift in Sources */,
				C426EBD8278A132300B35B28 /* DogAPI.swift in Sources */,
			);
			runOnlyForDeploymentPostprocessing = 0;
		};
		C4D05F35278A0F790017E2D3 /* Sources */ = {
			isa = PBXSourcesBuildPhase;
			buildActionMask = 2147483647;
			files = (
				C4D05F3E278A0F790017E2D3 /* mRandogTests.swift in Sources */,
			);
			runOnlyForDeploymentPostprocessing = 0;
		};
		C4D05F3F278A0F790017E2D3 /* Sources */ = {
			isa = PBXSourcesBuildPhase;
			buildActionMask = 2147483647;
			files = (
				C4D05F48278A0F790017E2D3 /* mRandogUITests.swift in Sources */,
				C4D05F4A278A0F790017E2D3 /* mRandogUITestsLaunchTests.swift in Sources */,
			);
			runOnlyForDeploymentPostprocessing = 0;
		};
/* End PBXSourcesBuildPhase section */

/* Begin PBXTargetDependency section */
		C4D05F3B278A0F790017E2D3 /* PBXTargetDependency */ = {
			isa = PBXTargetDependency;
			target = C4D05F22278A0F780017E2D3 /* mRandog */;
			targetProxy = C4D05F3A278A0F790017E2D3 /* PBXContainerItemProxy */;
		};
		C4D05F45278A0F790017E2D3 /* PBXTargetDependency */ = {
			isa = PBXTargetDependency;
			target = C4D05F22278A0F780017E2D3 /* mRandog */;
			targetProxy = C4D05F44278A0F790017E2D3 /* PBXContainerItemProxy */;
		};
/* End PBXTargetDependency section */

/* Begin PBXVariantGroup section */
		C4D05F2C278A0F780017E2D3 /* Main.storyboard */ = {
			isa = PBXVariantGroup;
			children = (
				C4D05F2D278A0F780017E2D3 /* Base */,
			);
			name = Main.storyboard;
			sourceTree = "<group>";
		};
		C4D05F31278A0F780017E2D3 /* LaunchScreen.storyboard */ = {
			isa = PBXVariantGroup;
			children = (
				C4D05F32278A0F780017E2D3 /* Base */,
			);
			name = LaunchScreen.storyboard;
			sourceTree = "<group>";
		};
/* End PBXVariantGroup section */

/* Begin XCBuildConfiguration section */
		C4D05F4B278A0F790017E2D3 /* Debug */ = {
			isa = XCBuildConfiguration;
			buildSettings = {
				ALWAYS_SEARCH_USER_PATHS = NO;
				CLANG_ANALYZER_NONNULL = YES;
				CLANG_ANALYZER_NUMBER_OBJECT_CONVERSION = YES_AGGRESSIVE;
				CLANG_CXX_LANGUAGE_STANDARD = "gnu++17";
				CLANG_CXX_LIBRARY = "libc++";
				CLANG_ENABLE_MODULES = YES;
				CLANG_ENABLE_OBJC_ARC = YES;
				CLANG_ENABLE_OBJC_WEAK = YES;
				CLANG_WARN_BLOCK_CAPTURE_AUTORELEASING = YES;
				CLANG_WARN_BOOL_CONVERSION = YES;
				CLANG_WARN_COMMA = YES;
				CLANG_WARN_CONSTANT_CONVERSION = YES;
				CLANG_WARN_DEPRECATED_OBJC_IMPLEMENTATIONS = YES;
				CLANG_WARN_DIRECT_OBJC_ISA_USAGE = YES_ERROR;
				CLANG_WARN_DOCUMENTATION_COMMENTS = YES;
				CLANG_WARN_EMPTY_BODY = YES;
				CLANG_WARN_ENUM_CONVERSION = YES;
				CLANG_WARN_INFINITE_RECURSION = YES;
				CLANG_WARN_INT_CONVERSION = YES;
				CLANG_WARN_NON_LITERAL_NULL_CONVERSION = YES;
				CLANG_WARN_OBJC_IMPLICIT_RETAIN_SELF = YES;
				CLANG_WARN_OBJC_LITERAL_CONVERSION = YES;
				CLANG_WARN_OBJC_ROOT_CLASS = YES_ERROR;
				CLANG_WARN_QUOTED_INCLUDE_IN_FRAMEWORK_HEADER = YES;
				CLANG_WARN_RANGE_LOOP_ANALYSIS = YES;
				CLANG_WARN_STRICT_PROTOTYPES = YES;
				CLANG_WARN_SUSPICIOUS_MOVE = YES;
				CLANG_WARN_UNGUARDED_AVAILABILITY = YES_AGGRESSIVE;
				CLANG_WARN_UNREACHABLE_CODE = YES;
				CLANG_WARN__DUPLICATE_METHOD_MATCH = YES;
				COPY_PHASE_STRIP = NO;
				DEBUG_INFORMATION_FORMAT = dwarf;
				ENABLE_STRICT_OBJC_MSGSEND = YES;
				ENABLE_TESTABILITY = YES;
				GCC_C_LANGUAGE_STANDARD = gnu11;
				GCC_DYNAMIC_NO_PIC = NO;
				GCC_NO_COMMON_BLOCKS = YES;
				GCC_OPTIMIZATION_LEVEL = 0;
				GCC_PREPROCESSOR_DEFINITIONS = (
					"DEBUG=1",
					"$(inherited)",
				);
				GCC_WARN_64_TO_32_BIT_CONVERSION = YES;
				GCC_WARN_ABOUT_RETURN_TYPE = YES_ERROR;
				GCC_WARN_UNDECLARED_SELECTOR = YES;
				GCC_WARN_UNINITIALIZED_AUTOS = YES_AGGRESSIVE;
				GCC_WARN_UNUSED_FUNCTION = YES;
				GCC_WARN_UNUSED_VARIABLE = YES;
				IPHONEOS_DEPLOYMENT_TARGET = 15.2;
				MTL_ENABLE_DEBUG_INFO = INCLUDE_SOURCE;
				MTL_FAST_MATH = YES;
				ONLY_ACTIVE_ARCH = YES;
				SDKROOT = iphoneos;
				SWIFT_ACTIVE_COMPILATION_CONDITIONS = DEBUG;
				SWIFT_OPTIMIZATION_LEVEL = "-Onone";
			};
			name = Debug;
		};
		C4D05F4C278A0F790017E2D3 /* Release */ = {
			isa = XCBuildConfiguration;
			buildSettings = {
				ALWAYS_SEARCH_USER_PATHS = NO;
				CLANG_ANALYZER_NONNULL = YES;
				CLANG_ANALYZER_NUMBER_OBJECT_CONVERSION = YES_AGGRESSIVE;
				CLANG_CXX_LANGUAGE_STANDARD = "gnu++17";
				CLANG_CXX_LIBRARY = "libc++";
				CLANG_ENABLE_MODULES = YES;
				CLANG_ENABLE_OBJC_ARC = YES;
				CLANG_ENABLE_OBJC_WEAK = YES;
				CLANG_WARN_BLOCK_CAPTURE_AUTORELEASING = YES;
				CLANG_WARN_BOOL_CONVERSION = YES;
				CLANG_WARN_COMMA = YES;
				CLANG_WARN_CONSTANT_CONVERSION = YES;
				CLANG_WARN_DEPRECATED_OBJC_IMPLEMENTATIONS = YES;
				CLANG_WARN_DIRECT_OBJC_ISA_USAGE = YES_ERROR;
				CLANG_WARN_DOCUMENTATION_COMMENTS = YES;
				CLANG_WARN_EMPTY_BODY = YES;
				CLANG_WARN_ENUM_CONVERSION = YES;
				CLANG_WARN_INFINITE_RECURSION = YES;
				CLANG_WARN_INT_CONVERSION = YES;
				CLANG_WARN_NON_LITERAL_NULL_CONVERSION = YES;
				CLANG_WARN_OBJC_IMPLICIT_RETAIN_SELF = YES;
				CLANG_WARN_OBJC_LITERAL_CONVERSION = YES;
				CLANG_WARN_OBJC_ROOT_CLASS = YES_ERROR;
				CLANG_WARN_QUOTED_INCLUDE_IN_FRAMEWORK_HEADER = YES;
				CLANG_WARN_RANGE_LOOP_ANALYSIS = YES;
				CLANG_WARN_STRICT_PROTOTYPES = YES;
				CLANG_WARN_SUSPICIOUS_MOVE = YES;
				CLANG_WARN_UNGUARDED_AVAILABILITY = YES_AGGRESSIVE;
				CLANG_WARN_UNREACHABLE_CODE = YES;
				CLANG_WARN__DUPLICATE_METHOD_MATCH = YES;
				COPY_PHASE_STRIP = NO;
				DEBUG_INFORMATION_FORMAT = "dwarf-with-dsym";
				ENABLE_NS_ASSERTIONS = NO;
				ENABLE_STRICT_OBJC_MSGSEND = YES;
				GCC_C_LANGUAGE_STANDARD = gnu11;
				GCC_NO_COMMON_BLOCKS = YES;
				GCC_WARN_64_TO_32_BIT_CONVERSION = YES;
				GCC_WARN_ABOUT_RETURN_TYPE = YES_ERROR;
				GCC_WARN_UNDECLARED_SELECTOR = YES;
				GCC_WARN_UNINITIALIZED_AUTOS = YES_AGGRESSIVE;
				GCC_WARN_UNUSED_FUNCTION = YES;
				GCC_WARN_UNUSED_VARIABLE = YES;
				IPHONEOS_DEPLOYMENT_TARGET = 15.2;
				MTL_ENABLE_DEBUG_INFO = NO;
				MTL_FAST_MATH = YES;
				SDKROOT = iphoneos;
				SWIFT_COMPILATION_MODE = wholemodule;
				SWIFT_OPTIMIZATION_LEVEL = "-O";
				VALIDATE_PRODUCT = YES;
			};
			name = Release;
		};
		C4D05F4E278A0F790017E2D3 /* Debug */ = {
			isa = XCBuildConfiguration;
			buildSettings = {
				ASSETCATALOG_COMPILER_APPICON_NAME = AppIcon;
				ASSETCATALOG_COMPILER_GLOBAL_ACCENT_COLOR_NAME = AccentColor;
				CODE_SIGN_STYLE = Automatic;
				CURRENT_PROJECT_VERSION = 1;
				DEVELOPMENT_TEAM = 36QSLHRZ46;
				GENERATE_INFOPLIST_FILE = YES;
				INFOPLIST_FILE = mRandog/Info.plist;
				INFOPLIST_KEY_UIApplicationSupportsIndirectInputEvents = YES;
				INFOPLIST_KEY_UILaunchStoryboardName = LaunchScreen;
				INFOPLIST_KEY_UIMainStoryboardFile = Main;
				INFOPLIST_KEY_UISupportedInterfaceOrientations_iPad = "UIInterfaceOrientationPortrait UIInterfaceOrientationPortraitUpsideDown UIInterfaceOrientationLandscapeLeft UIInterfaceOrientationLandscapeRight";
				INFOPLIST_KEY_UISupportedInterfaceOrientations_iPhone = "UIInterfaceOrientationPortrait UIInterfaceOrientationLandscapeLeft UIInterfaceOrientationLandscapeRight";
				LD_RUNPATH_SEARCH_PATHS = (
					"$(inherited)",
					"@executable_path/Frameworks",
				);
				MARKETING_VERSION = 1.0;
				PRODUCT_BUNDLE_IDENTIFIER = lye.mRandog;
				PRODUCT_NAME = "$(TARGET_NAME)";
				SWIFT_EMIT_LOC_STRINGS = YES;
				SWIFT_VERSION = 5.0;
				TARGETED_DEVICE_FAMILY = "1,2";
			};
			name = Debug;
		};
		C4D05F4F278A0F790017E2D3 /* Release */ = {
			isa = XCBuildConfiguration;
			buildSettings = {
				ASSETCATALOG_COMPILER_APPICON_NAME = AppIcon;
				ASSETCATALOG_COMPILER_GLOBAL_ACCENT_COLOR_NAME = AccentColor;
				CODE_SIGN_STYLE = Automatic;
				CURRENT_PROJECT_VERSION = 1;
				DEVELOPMENT_TEAM = 36QSLHRZ46;
				GENERATE_INFOPLIST_FILE = YES;
				INFOPLIST_FILE = mRandog/Info.plist;
				INFOPLIST_KEY_UIApplicationSupportsIndirectInputEvents = YES;
				INFOPLIST_KEY_UILaunchStoryboardName = LaunchScreen;
				INFOPLIST_KEY_UIMainStoryboardFile = Main;
				INFOPLIST_KEY_UISupportedInterfaceOrientations_iPad = "UIInterfaceOrientationPortrait UIInterfaceOrientationPortraitUpsideDown UIInterfaceOrientationLandscapeLeft UIInterfaceOrientationLandscapeRight";
				INFOPLIST_KEY_UISupportedInterfaceOrientations_iPhone = "UIInterfaceOrientationPortrait UIInterfaceOrientationLandscapeLeft UIInterfaceOrientationLandscapeRight";
				LD_RUNPATH_SEARCH_PATHS = (
					"$(inherited)",
					"@executable_path/Frameworks",
				);
				MARKETING_VERSION = 1.0;
				PRODUCT_BUNDLE_IDENTIFIER = lye.mRandog;
				PRODUCT_NAME = "$(TARGET_NAME)";
				SWIFT_EMIT_LOC_STRINGS = YES;
				SWIFT_VERSION = 5.0;
				TARGETED_DEVICE_FAMILY = "1,2";
			};
			name = Release;
		};
		C4D05F51278A0F790017E2D3 /* Debug */ = {
			isa = XCBuildConfiguration;
			buildSettings = {
				ALWAYS_EMBED_SWIFT_STANDARD_LIBRARIES = YES;
				BUNDLE_LOADER = "$(TEST_HOST)";
				CODE_SIGN_STYLE = Automatic;
				CURRENT_PROJECT_VERSION = 1;
				DEVELOPMENT_TEAM = 36QSLHRZ46;
				GENERATE_INFOPLIST_FILE = YES;
				IPHONEOS_DEPLOYMENT_TARGET = 15.2;
				MARKETING_VERSION = 1.0;
				PRODUCT_BUNDLE_IDENTIFIER = lye.mRandogTests;
				PRODUCT_NAME = "$(TARGET_NAME)";
				SWIFT_EMIT_LOC_STRINGS = NO;
				SWIFT_VERSION = 5.0;
				TARGETED_DEVICE_FAMILY = "1,2";
				TEST_HOST = "$(BUILT_PRODUCTS_DIR)/mRandog.app/mRandog";
			};
			name = Debug;
		};
		C4D05F52278A0F790017E2D3 /* Release */ = {
			isa = XCBuildConfiguration;
			buildSettings = {
				ALWAYS_EMBED_SWIFT_STANDARD_LIBRARIES = YES;
				BUNDLE_LOADER = "$(TEST_HOST)";
				CODE_SIGN_STYLE = Automatic;
				CURRENT_PROJECT_VERSION = 1;
				DEVELOPMENT_TEAM = 36QSLHRZ46;
				GENERATE_INFOPLIST_FILE = YES;
				IPHONEOS_DEPLOYMENT_TARGET = 15.2;
				MARKETING_VERSION = 1.0;
				PRODUCT_BUNDLE_IDENTIFIER = lye.mRandogTests;
				PRODUCT_NAME = "$(TARGET_NAME)";
				SWIFT_EMIT_LOC_STRINGS = NO;
				SWIFT_VERSION = 5.0;
				TARGETED_DEVICE_FAMILY = "1,2";
				TEST_HOST = "$(BUILT_PRODUCTS_DIR)/mRandog.app/mRandog";
			};
			name = Release;
		};
		C4D05F54278A0F790017E2D3 /* Debug */ = {
			isa = XCBuildConfiguration;
			buildSettings = {
				ALWAYS_EMBED_SWIFT_STANDARD_LIBRARIES = YES;
				CODE_SIGN_STYLE = Automatic;
				CURRENT_PROJECT_VERSION = 1;
				DEVELOPMENT_TEAM = 36QSLHRZ46;
				GENERATE_INFOPLIST_FILE = YES;
				MARKETING_VERSION = 1.0;
				PRODUCT_BUNDLE_IDENTIFIER = lye.mRandogUITests;
				PRODUCT_NAME = "$(TARGET_NAME)";
				SWIFT_EMIT_LOC_STRINGS = NO;
				SWIFT_VERSION = 5.0;
				TARGETED_DEVICE_FAMILY = "1,2";
				TEST_TARGET_NAME = mRandog;
			};
			name = Debug;
		};
		C4D05F55278A0F790017E2D3 /* Release */ = {
			isa = XCBuildConfiguration;
			buildSettings = {
				ALWAYS_EMBED_SWIFT_STANDARD_LIBRARIES = YES;
				CODE_SIGN_STYLE = Automatic;
				CURRENT_PROJECT_VERSION = 1;
				DEVELOPMENT_TEAM = 36QSLHRZ46;
				GENERATE_INFOPLIST_FILE = YES;
				MARKETING_VERSION = 1.0;
				PRODUCT_BUNDLE_IDENTIFIER = lye.mRandogUITests;
				PRODUCT_NAME = "$(TARGET_NAME)";
				SWIFT_EMIT_LOC_STRINGS = NO;
				SWIFT_VERSION = 5.0;
				TARGETED_DEVICE_FAMILY = "1,2";
				TEST_TARGET_NAME = mRandog;
			};
			name = Release;
		};
/* End XCBuildConfiguration section */

/* Begin XCConfigurationList section */
		C4D05F1E278A0F780017E2D3 /* Build configuration list for PBXProject "mRandog" */ = {
			isa = XCConfigurationList;
			buildConfigurations = (
				C4D05F4B278A0F790017E2D3 /* Debug */,
				C4D05F4C278A0F790017E2D3 /* Release */,
			);
			defaultConfigurationIsVisible = 0;
			defaultConfigurationName = Release;
		};
		C4D05F4D278A0F790017E2D3 /* Build configuration list for PBXNativeTarget "mRandog" */ = {
			isa = XCConfigurationList;
			buildConfigurations = (
				C4D05F4E278A0F790017E2D3 /* Debug */,
				C4D05F4F278A0F790017E2D3 /* Release */,
			);
			defaultConfigurationIsVisible = 0;
			defaultConfigurationName = Release;
		};
		C4D05F50278A0F790017E2D3 /* Build configuration list for PBXNativeTarget "mRandogTests" */ = {
			isa = XCConfigurationList;
			buildConfigurations = (
				C4D05F51278A0F790017E2D3 /* Debug */,
				C4D05F52278A0F790017E2D3 /* Release */,
			);
			defaultConfigurationIsVisible = 0;
			defaultConfigurationName = Release;
		};
		C4D05F53278A0F790017E2D3 /* Build configuration list for PBXNativeTarget "mRandogUITests" */ = {
			isa = XCConfigurationList;
			buildConfigurations = (
				C4D05F54278A0F790017E2D3 /* Debug */,
				C4D05F55278A0F790017E2D3 /* Release */,
			);
			defaultConfigurationIsVisible = 0;
			defaultConfigurationName = Release;
		};
/* End XCConfigurationList section */
	};
	rootObject = C4D05F1B278A0F780017E2D3 /* Project object */;
}
